
Microsoft Visual Studio Solution File, Format Version 12.00
# Visual Studio Version 17
VisualStudioVersion = 17.0.31903.59
MinimumVisualStudioVersion = 10.0.40219.1
Project("{2150E333-8FDC-42A3-9474-1A3956D46DE8}") = "src", "src", "{492F595B-95D2-4A6C-BEC7-53614D2028AF}"
EndProject
Project("{FAE04EC0-301F-11D3-BF4B-00C04F79EFBC}") = "ChatLinks", "src\ChatLinks\ChatLinks.csproj", "{D5528961-F614-4B4A-9F0A-CB65B470A899}"
EndProject
Project("{FAE04EC0-301F-11D3-BF4B-00C04F79EFBC}") = "ChatLinks.EF", "src\ChatLinks.EF\ChatLinks.EF.csproj", "{7F0F29BB-2A9C-4FDD-8DF4-7EBDB64833CC}"
EndProject
Project("{2150E333-8FDC-42A3-9474-1A3956D46DE8}") = "test", "test", "{C769DBB3-B022-4528-A512-64A9480DF342}"
EndProject
Project("{FAE04EC0-301F-11D3-BF4B-00C04F79EFBC}") = "ChatLinks.Tests", "test\ChatLinks.Tests\ChatLinks.Tests.csproj", "{266F121B-9566-4149-86E8-0370B5708FBC}"
EndProject
Project("{FAE04EC0-301F-11D3-BF4B-00C04F79EFBC}") = "Common", "src\Common\Common.csproj", "{1CCC454A-39B3-4CAE-A508-36EBF944A745}"
EndProject
Project("{FAE04EC0-301F-11D3-BF4B-00C04F79EFBC}") = "Adapters", "src\Adapters\Adapters.csproj", "{4ABD51C1-17CD-4D5E-8A02-5F3D6DA512B5}"
EndProject
Project("{FAE04EC0-301F-11D3-BF4B-00C04F79EFBC}") = "ChatLinks.Seeder", "src\ChatLinks.Seeder\ChatLinks.Seeder.csproj", "{969F3501-BE66-46E9-9724-EAFDDB6E5AFD}"
EndProject
Global
	GlobalSection(SolutionConfigurationPlatforms) = preSolution
		Debug|Any CPU = Debug|Any CPU
		Release|Any CPU = Release|Any CPU
	EndGlobalSection
	GlobalSection(ProjectConfigurationPlatforms) = postSolution
		{D5528961-F614-4B4A-9F0A-CB65B470A899}.Debug|Any CPU.ActiveCfg = Debug|Any CPU
		{D5528961-F614-4B4A-9F0A-CB65B470A899}.Debug|Any CPU.Build.0 = Debug|Any CPU
		{D5528961-F614-4B4A-9F0A-CB65B470A899}.Release|Any CPU.ActiveCfg = Release|Any CPU
		{D5528961-F614-4B4A-9F0A-CB65B470A899}.Release|Any CPU.Build.0 = Release|Any CPU
		{7F0F29BB-2A9C-4FDD-8DF4-7EBDB64833CC}.Debug|Any CPU.ActiveCfg = Debug|Any CPU
		{7F0F29BB-2A9C-4FDD-8DF4-7EBDB64833CC}.Debug|Any CPU.Build.0 = Debug|Any CPU
		{7F0F29BB-2A9C-4FDD-8DF4-7EBDB64833CC}.Release|Any CPU.ActiveCfg = Release|Any CPU
		{7F0F29BB-2A9C-4FDD-8DF4-7EBDB64833CC}.Release|Any CPU.Build.0 = Release|Any CPU
		{266F121B-9566-4149-86E8-0370B5708FBC}.Debug|Any CPU.ActiveCfg = Debug|Any CPU
		{266F121B-9566-4149-86E8-0370B5708FBC}.Debug|Any CPU.Build.0 = Debug|Any CPU
		{266F121B-9566-4149-86E8-0370B5708FBC}.Release|Any CPU.ActiveCfg = Release|Any CPU
		{266F121B-9566-4149-86E8-0370B5708FBC}.Release|Any CPU.Build.0 = Release|Any CPU
		{1CCC454A-39B3-4CAE-A508-36EBF944A745}.Debug|Any CPU.ActiveCfg = Debug|Any CPU
		{1CCC454A-39B3-4CAE-A508-36EBF944A745}.Debug|Any CPU.Build.0 = Debug|Any CPU
		{1CCC454A-39B3-4CAE-A508-36EBF944A745}.Release|Any CPU.ActiveCfg = Release|Any CPU
		{1CCC454A-39B3-4CAE-A508-36EBF944A745}.Release|Any CPU.Build.0 = Release|Any CPU
		{4ABD51C1-17CD-4D5E-8A02-5F3D6DA512B5}.Debug|Any CPU.ActiveCfg = Debug|Any CPU
		{4ABD51C1-17CD-4D5E-8A02-5F3D6DA512B5}.Debug|Any CPU.Build.0 = Debug|Any CPU
		{4ABD51C1-17CD-4D5E-8A02-5F3D6DA512B5}.Release|Any CPU.ActiveCfg = Release|Any CPU
		{4ABD51C1-17CD-4D5E-8A02-5F3D6DA512B5}.Release|Any CPU.Build.0 = Release|Any CPU
		{969F3501-BE66-46E9-9724-EAFDDB6E5AFD}.Debug|Any CPU.ActiveCfg = Debug|Any CPU
		{969F3501-BE66-46E9-9724-EAFDDB6E5AFD}.Debug|Any CPU.Build.0 = Debug|Any CPU
		{969F3501-BE66-46E9-9724-EAFDDB6E5AFD}.Release|Any CPU.ActiveCfg = Release|Any CPU
		{969F3501-BE66-46E9-9724-EAFDDB6E5AFD}.Release|Any CPU.Build.0 = Release|Any CPU
	EndGlobalSection
	GlobalSection(SolutionProperties) = preSolution
		HideSolutionNode = FALSE
	EndGlobalSection
	GlobalSection(NestedProjects) = preSolution
		{D5528961-F614-4B4A-9F0A-CB65B470A899} = {492F595B-95D2-4A6C-BEC7-53614D2028AF}
		{7F0F29BB-2A9C-4FDD-8DF4-7EBDB64833CC} = {492F595B-95D2-4A6C-BEC7-53614D2028AF}
		{266F121B-9566-4149-86E8-0370B5708FBC} = {C769DBB3-B022-4528-A512-64A9480DF342}
		{1CCC454A-39B3-4CAE-A508-36EBF944A745} = {492F595B-95D2-4A6C-BEC7-53614D2028AF}
		{4ABD51C1-17CD-4D5E-8A02-5F3D6DA512B5} = {492F595B-95D2-4A6C-BEC7-53614D2028AF}
		{969F3501-BE66-46E9-9724-EAFDDB6E5AFD} = {492F595B-95D2-4A6C-BEC7-53614D2028AF}
	EndGlobalSection
EndGlobal
